// !$*UTF8*$!
{
	archiveVersion = 1;
	classes = {
	};
	objectVersion = 50;
	objects = {

/* Begin PBXBuildFile section */
		FA5CF83427FB2E47008D277B /* Models.swift in Sources */ = {isa = PBXBuildFile; fileRef = FA5CF83327FB2E47008D277B /* Models.swift */; };
		FABBC1BC27FAEE6400E3F2D2 /* AppDelegate.swift in Sources */ = {isa = PBXBuildFile; fileRef = FABBC1BB27FAEE6400E3F2D2 /* AppDelegate.swift */; };
		FABBC1BE27FAEE6400E3F2D2 /* SceneDelegate.swift in Sources */ = {isa = PBXBuildFile; fileRef = FABBC1BD27FAEE6400E3F2D2 /* SceneDelegate.swift */; };
		FABBC1C027FAEE6400E3F2D2 /* ViewController.swift in Sources */ = {isa = PBXBuildFile; fileRef = FABBC1BF27FAEE6400E3F2D2 /* ViewController.swift */; };
		FABBC1C327FAEE6400E3F2D2 /* Main.storyboard in Resources */ = {isa = PBXBuildFile; fileRef = FABBC1C127FAEE6400E3F2D2 /* Main.storyboard */; };
		FABBC1C527FAEE6600E3F2D2 /* Assets.xcassets in Resources */ = {isa = PBXBuildFile; fileRef = FABBC1C427FAEE6600E3F2D2 /* Assets.xcassets */; };
		FABBC1C827FAEE6600E3F2D2 /* LaunchScreen.storyboard in Resources */ = {isa = PBXBuildFile; fileRef = FABBC1C627FAEE6600E3F2D2 /* LaunchScreen.storyboard */; };
/* End PBXBuildFile section */

/* Begin PBXFileReference section */
		FA5CF83327FB2E47008D277B /* Models.swift */ = {isa = PBXFileReference; lastKnownFileType = sourcecode.swift; path = Models.swift; sourceTree = "<group>"; };
		FABBC1B827FAEE6400E3F2D2 /* Combine.Weather.app */ = {isa = PBXFileReference; explicitFileType = wrapper.application; includeInIndex = 0; path = Combine.Weather.app; sourceTree = BUILT_PRODUCTS_DIR; };
		FABBC1BB27FAEE6400E3F2D2 /* AppDelegate.swift */ = {isa = PBXFileReference; lastKnownFileType = sourcecode.swift; path = AppDelegate.swift; sourceTree = "<group>"; };
		FABBC1BD27FAEE6400E3F2D2 /* SceneDelegate.swift */ = {isa = PBXFileReference; lastKnownFileType = sourcecode.swift; path = SceneDelegate.swift; sourceTree = "<group>"; };
		FABBC1BF27FAEE6400E3F2D2 /* ViewController.swift */ = {isa = PBXFileReference; lastKnownFileType = sourcecode.swift; path = ViewController.swift; sourceTree = "<group>"; };
		FABBC1C227FAEE6400E3F2D2 /* Base */ = {isa = PBXFileReference; lastKnownFileType = file.storyboard; name = Base; path = Base.lproj/Main.storyboard; sourceTree = "<group>"; };
		FABBC1C427FAEE6600E3F2D2 /* Assets.xcassets */ = {isa = PBXFileReference; lastKnownFileType = folder.assetcatalog; path = Assets.xcassets; sourceTree = "<group>"; };
		FABBC1C727FAEE6600E3F2D2 /* Base */ = {isa = PBXFileReference; lastKnownFileType = file.storyboard; name = Base; path = Base.lproj/LaunchScreen.storyboard; sourceTree = "<group>"; };
		FABBC1C927FAEE6600E3F2D2 /* Info.plist */ = {isa = PBXFileReference; lastKnownFileType = text.plist.xml; path = Info.plist; sourceTree = "<group>"; };
/* End PBXFileReference section */

/* Begin PBXFrameworksBuildPhase section */
		FABBC1B527FAEE6400E3F2D2 /* Frameworks */ = {
			isa = PBXFrameworksBuildPhase;
			buildActionMask = 2147483647;
			files = (
			);
			runOnlyForDeploymentPostprocessing = 0;
		};
/* End PBXFrameworksBuildPhase section */

/* Begin PBXGroup section */
		FABBC1AF27FAEE6400E3F2D2 = {
			isa = PBXGroup;
			children = (
				FABBC1BA27FAEE6400E3F2D2 /* Combine.Weather */,
				FABBC1B927FAEE6400E3F2D2 /* Products */,
			);
			sourceTree = "<group>";
		};
		FABBC1B927FAEE6400E3F2D2 /* Products */ = {
			isa = PBXGroup;
			children = (
				FABBC1B827FAEE6400E3F2D2 /* Combine.Weather.app */,
			);
			name = Products;
			sourceTree = "<group>";
		};
		FABBC1BA27FAEE6400E3F2D2 /* Combine.Weather */ = {
			isa = PBXGroup;
			children = (
				FABBC1BB27FAEE6400E3F2D2 /* AppDelegate.swift */,
				FABBC1BD27FAEE6400E3F2D2 /* SceneDelegate.swift */,
				FABBC1BF27FAEE6400E3F2D2 /* ViewController.swift */,
				FABBC1C127FAEE6400E3F2D2 /* Main.storyboard */,
				FABBC1C427FAEE6600E3F2D2 /* Assets.xcassets */,
				FABBC1C627FAEE6600E3F2D2 /* LaunchScreen.storyboard */,
				FABBC1C927FAEE6600E3F2D2 /* Info.plist */,
				FA5CF83327FB2E47008D277B /* Models.swift */,
			);
			path = Combine.Weather;
			sourceTree = "<group>";
		};
/* End PBXGroup section */

/* Begin PBXNativeTarget section */
		FABBC1B727FAEE6400E3F2D2 /* Combine.Weather */ = {
			isa = PBXNativeTarget;
			buildConfigurationList = FABBC1CC27FAEE6600E3F2D2 /* Build configuration list for PBXNativeTarget "Combine.Weather" */;
			buildPhases = (
				FABBC1B427FAEE6400E3F2D2 /* Sources */,
				FABBC1B527FAEE6400E3F2D2 /* Frameworks */,
				FABBC1B627FAEE6400E3F2D2 /* Resources */,
			);
			buildRules = (
			);
			dependencies = (
			);
			name = Combine.Weather;
			productName = Combine.Weather;
			productReference = FABBC1B827FAEE6400E3F2D2 /* Combine.Weather.app */;
			productType = "com.apple.product-type.application";
		};
/* End PBXNativeTarget section */

/* Begin PBXProject section */
		FABBC1B027FAEE6400E3F2D2 /* Project object */ = {
			isa = PBXProject;
			attributes = {
				LastSwiftUpdateCheck = 1240;
				LastUpgradeCheck = 1240;
				TargetAttributes = {
					FABBC1B727FAEE6400E3F2D2 = {
						CreatedOnToolsVersion = 12.4;
					};
				};
			};
			buildConfigurationList = FABBC1B327FAEE6400E3F2D2 /* Build configuration list for PBXProject "Combine.Weather" */;
			compatibilityVersion = "Xcode 9.3";
			developmentRegion = en;
			hasScannedForEncodings = 0;
			knownRegions = (
				en,
				Base,
			);
			mainGroup = FABBC1AF27FAEE6400E3F2D2;
			productRefGroup = FABBC1B927FAEE6400E3F2D2 /* Products */;
			projectDirPath = "";
			projectRoot = "";
			targets = (
				FABBC1B727FAEE6400E3F2D2 /* Combine.Weather */,
			);
		};
/* End PBXProject section */

/* Begin PBXResourcesBuildPhase section */
		FABBC1B627FAEE6400E3F2D2 /* Resources */ = {
			isa = PBXResourcesBuildPhase;
			buildActionMask = 2147483647;
			files = (
				FABBC1C827FAEE6600E3F2D2 /* LaunchScreen.storyboard in Resources */,
				FABBC1C527FAEE6600E3F2D2 /* Assets.xcassets in Resources */,
				FABBC1C327FAEE6400E3F2D2 /* Main.storyboard in Resources */,
			);
			runOnlyForDeploymentPostprocessing = 0;
		};
/* End PBXResourcesBuildPhase section */

/* Begin PBXSourcesBuildPhase section */
		FABBC1B427FAEE6400E3F2D2 /* Sources */ = {
			isa = PBXSourcesBuildPhase;
			buildActionMask = 2147483647;
			files = (
				FABBC1C027FAEE6400E3F2D2 /* ViewController.swift in Sources */,
				FABBC1BC27FAEE6400E3F2D2 /* AppDelegate.swift in Sources */,
				FABBC1BE27FAEE6400E3F2D2 /* SceneDelegate.swift in Sources */,
				FA5CF83427FB2E47008D277B /* Models.swift in Sources */,
			);
			runOnlyForDeploymentPostprocessing = 0;
		};
/* End PBXSourcesBuildPhase section */

/* Begin PBXVariantGroup section */
		FABBC1C127FAEE6400E3F2D2 /* Main.storyboard */ = {
			isa = PBXVariantGroup;
			children = (
				FABBC1C227FAEE6400E3F2D2 /* Base */,
			);
			name = Main.storyboard;
			sourceTree = "<group>";
		};
		FABBC1C627FAEE6600E3F2D2 /* LaunchScreen.storyboard */ = {
			isa = PBXVariantGroup;
			children = (
				FABBC1C727FAEE6600E3F2D2 /* Base */,
			);
			name = LaunchScreen.storyboard;
			sourceTree = "<group>";
		};
/* End PBXVariantGroup section */

/* Begin XCBuildConfiguration section */
		FABBC1CA27FAEE6600E3F2D2 /* Debug */ = {
			isa = XCBuildConfiguration;
			buildSettings = {
				ALWAYS_SEARCH_USER_PATHS = NO;
				CLANG_ANALYZER_NONNULL = YES;
				CLANG_ANALYZER_NUMBER_OBJECT_CONVERSION = YES_AGGRESSIVE;
				CLANG_CXX_LANGUAGE_STANDARD = "gnu++14";
				CLANG_CXX_LIBRARY = "libc++";
				CLANG_ENABLE_MODULES = YES;
				CLANG_ENABLE_OBJC_ARC = YES;
				CLANG_ENABLE_OBJC_WEAK = YES;
				CLANG_WARN_BLOCK_CAPTURE_AUTORELEASING = YES;
				CLANG_WARN_BOOL_CONVERSION = YES;
				CLANG_WARN_COMMA = YES;
				CLANG_WARN_CONSTANT_CONVERSION = YES;
				CLANG_WARN_DEPRECATED_OBJC_IMPLEMENTATIONS = YES;
				CLANG_WARN_DIRECT_OBJC_ISA_USAGE = YES_ERROR;
				CLANG_WARN_DOCUMENTATION_COMMENTS = YES;
				CLANG_WARN_EMPTY_BODY = YES;
				CLANG_WARN_ENUM_CONVERSION = YES;
				CLANG_WARN_INFINITE_RECURSION = YES;
				CLANG_WARN_INT_CONVERSION = YES;
				CLANG_WARN_NON_LITERAL_NULL_CONVERSION = YES;
				CLANG_WARN_OBJC_IMPLICIT_RETAIN_SELF = YES;
				CLANG_WARN_OBJC_LITERAL_CONVERSION = YES;
				CLANG_WARN_OBJC_ROOT_CLASS = YES_ERROR;
				CLANG_WARN_QUOTED_INCLUDE_IN_FRAMEWORK_HEADER = YES;
				CLANG_WARN_RANGE_LOOP_ANALYSIS = YES;
				CLANG_WARN_STRICT_PROTOTYPES = YES;
				CLANG_WARN_SUSPICIOUS_MOVE = YES;
				CLANG_WARN_UNGUARDED_AVAILABILITY = YES_AGGRESSIVE;
				CLANG_WARN_UNREACHABLE_CODE = YES;
				CLANG_WARN__DUPLICATE_METHOD_MATCH = YES;
				COPY_PHASE_STRIP = NO;
				DEBUG_INFORMATION_FORMAT = dwarf;
				ENABLE_STRICT_OBJC_MSGSEND = YES;
				ENABLE_TESTABILITY = YES;
				GCC_C_LANGUAGE_STANDARD = gnu11;
				GCC_DYNAMIC_NO_PIC = NO;
				GCC_NO_COMMON_BLOCKS = YES;
				GCC_OPTIMIZATION_LEVEL = 0;
				GCC_PREPROCESSOR_DEFINITIONS = (
					"DEBUG=1",
					"$(inherited)",
				);
				GCC_WARN_64_TO_32_BIT_CONVERSION = YES;
				GCC_WARN_ABOUT_RETURN_TYPE = YES_ERROR;
				GCC_WARN_UNDECLARED_SELECTOR = YES;
				GCC_WARN_UNINITIALIZED_AUTOS = YES_AGGRESSIVE;
				GCC_WARN_UNUSED_FUNCTION = YES;
				GCC_WARN_UNUSED_VARIABLE = YES;
				IPHONEOS_DEPLOYMENT_TARGET = 14.4;
				MTL_ENABLE_DEBUG_INFO = INCLUDE_SOURCE;
				MTL_FAST_MATH = YES;
				ONLY_ACTIVE_ARCH = YES;
				SDKROOT = iphoneos;
				SWIFT_ACTIVE_COMPILATION_CONDITIONS = DEBUG;
				SWIFT_OPTIMIZATION_LEVEL = "-Onone";
			};
			name = Debug;
		};
		FABBC1CB27FAEE6600E3F2D2 /* Release */ = {
			isa = XCBuildConfiguration;
			buildSettings = {
				ALWAYS_SEARCH_USER_PATHS = NO;
				CLANG_ANALYZER_NONNULL = YES;
				CLANG_ANALYZER_NUMBER_OBJECT_CONVERSION = YES_AGGRESSIVE;
				CLANG_CXX_LANGUAGE_STANDARD = "gnu++14";
				CLANG_CXX_LIBRARY = "libc++";
				CLANG_ENABLE_MODULES = YES;
				CLANG_ENABLE_OBJC_ARC = YES;
				CLANG_ENABLE_OBJC_WEAK = YES;
				CLANG_WARN_BLOCK_CAPTURE_AUTORELEASING = YES;
				CLANG_WARN_BOOL_CONVERSION = YES;
				CLANG_WARN_COMMA = YES;
				CLANG_WARN_CONSTANT_CONVERSION = YES;
				CLANG_WARN_DEPRECATED_OBJC_IMPLEMENTATIONS = YES;
				CLANG_WARN_DIRECT_OBJC_ISA_USAGE = YES_ERROR;
				CLANG_WARN_DOCUMENTATION_COMMENTS = YES;
				CLANG_WARN_EMPTY_BODY = YES;
				CLANG_WARN_ENUM_CONVERSION = YES;
				CLANG_WARN_INFINITE_RECURSION = YES;
				CLANG_WARN_INT_CONVERSION = YES;
				CLANG_WARN_NON_LITERAL_NULL_CONVERSION = YES;
				CLANG_WARN_OBJC_IMPLICIT_RETAIN_SELF = YES;
				CLANG_WARN_OBJC_LITERAL_CONVERSION = YES;
				CLANG_WARN_OBJC_ROOT_CLASS = YES_ERROR;
				CLANG_WARN_QUOTED_INCLUDE_IN_FRAMEWORK_HEADER = YES;
				CLANG_WARN_RANGE_LOOP_ANALYSIS = YES;
				CLANG_WARN_STRICT_PROTOTYPES = YES;
				CLANG_WARN_SUSPICIOUS_MOVE = YES;
				CLANG_WARN_UNGUARDED_AVAILABILITY = YES_AGGRESSIVE;
				CLANG_WARN_UNREACHABLE_CODE = YES;
				CLANG_WARN__DUPLICATE_METHOD_MATCH = YES;
				COPY_PHASE_STRIP = NO;
				DEBUG_INFORMATION_FORMAT = "dwarf-with-dsym";
				ENABLE_NS_ASSERTIONS = NO;
				ENABLE_STRICT_OBJC_MSGSEND = YES;
				GCC_C_LANGUAGE_STANDARD = gnu11;
				GCC_NO_COMMON_BLOCKS = YES;
				GCC_WARN_64_TO_32_BIT_CONVERSION = YES;
				GCC_WARN_ABOUT_RETURN_TYPE = YES_ERROR;
				GCC_WARN_UNDECLARED_SELECTOR = YES;
				GCC_WARN_UNINITIALIZED_AUTOS = YES_AGGRESSIVE;
				GCC_WARN_UNUSED_FUNCTION = YES;
				GCC_WARN_UNUSED_VARIABLE = YES;
				IPHONEOS_DEPLOYMENT_TARGET = 14.4;
				MTL_ENABLE_DEBUG_INFO = NO;
				MTL_FAST_MATH = YES;
				SDKROOT = iphoneos;
				SWIFT_COMPILATION_MODE = wholemodule;
				SWIFT_OPTIMIZATION_LEVEL = "-O";
				VALIDATE_PRODUCT = YES;
			};
			name = Release;
		};
		FABBC1CD27FAEE6600E3F2D2 /* Debug */ = {
			isa = XCBuildConfiguration;
			buildSettings = {
				ASSETCATALOG_COMPILER_APPICON_NAME = AppIcon;
				ASSETCATALOG_COMPILER_GLOBAL_ACCENT_COLOR_NAME = AccentColor;
				CODE_SIGN_STYLE = Automatic;
				DEVELOPMENT_TEAM = 5882J3SK56;
				INFOPLIST_FILE = Combine.Weather/Info.plist;
				LD_RUNPATH_SEARCH_PATHS = (
					"$(inherited)",
					"@executable_path/Frameworks",
				);
				PRODUCT_BUNDLE_IDENTIFIER = "SWIFT-iOS.Combine-Weather";
				PRODUCT_NAME = "$(TARGET_NAME)";
				SWIFT_VERSION = 5.0;
				TARGETED_DEVICE_FAMILY = "1,2";
			};
			name = Debug;
		};
		FABBC1CE27FAEE6600E3F2D2 /* Release */ = {
			isa = XCBuildConfiguration;
			buildSettings = {
				ASSETCATALOG_COMPILER_APPICON_NAME = AppIcon;
				ASSETCATALOG_COMPILER_GLOBAL_ACCENT_COLOR_NAME = AccentColor;
				CODE_SIGN_STYLE = Automatic;
				DEVELOPMENT_TEAM = 5882J3SK56;
				INFOPLIST_FILE = Combine.Weather/Info.plist;
				LD_RUNPATH_SEARCH_PATHS = (
					"$(inherited)",
					"@executable_path/Frameworks",
				);
				PRODUCT_BUNDLE_IDENTIFIER = "SWIFT-iOS.Combine-Weather";
				PRODUCT_NAME = "$(TARGET_NAME)";
				SWIFT_VERSION = 5.0;
				TARGETED_DEVICE_FAMILY = "1,2";
			};
			name = Release;
		};
/* End XCBuildConfiguration section */

/* Begin XCConfigurationList section */
		FABBC1B327FAEE6400E3F2D2 /* Build configuration list for PBXProject "Combine.Weather" */ = {
			isa = XCConfigurationList;
			buildConfigurations = (
				FABBC1CA27FAEE6600E3F2D2 /* Debug */,
				FABBC1CB27FAEE6600E3F2D2 /* Release */,
			);
			defaultConfigurationIsVisible = 0;
			defaultConfigurationName = Release;
		};
		FABBC1CC27FAEE6600E3F2D2 /* Build configuration list for PBXNativeTarget "Combine.Weather" */ = {
			isa = XCConfigurationList;
			buildConfigurations = (
				FABBC1CD27FAEE6600E3F2D2 /* Debug */,
				FABBC1CE27FAEE6600E3F2D2 /* Release */,
			);
			defaultConfigurationIsVisible = 0;
			defaultConfigurationName = Release;
		};
/* End XCConfigurationList section */
	};
	rootObject = FABBC1B027FAEE6400E3F2D2 /* Project object */;
}
